// !$*UTF8*$!
{
	archiveVersion = 1;
	classes = {
	};
	objectVersion = 48;
	objects = {

/* Begin PBXBuildFile section */
		84366390204B4AF8007815A7 /* VideoCapture.swift in Sources */ = {isa = PBXBuildFile; fileRef = 8436638F204B4AF8007815A7 /* VideoCapture.swift */; };
		84366392204B4B50007815A7 /* EmotionVisualizerView.swift in Sources */ = {isa = PBXBuildFile; fileRef = 84366391204B4B50007815A7 /* EmotionVisualizerView.swift */; };
		846A515D20C8896000EFC98D /* ImageProcessor.swift in Sources */ = {isa = PBXBuildFile; fileRef = 846A515A20C8896000EFC98D /* ImageProcessor.swift */; };
		846A515E20C8896000EFC98D /* UIColorExtension.swift in Sources */ = {isa = PBXBuildFile; fileRef = 846A515B20C8896000EFC98D /* UIColorExtension.swift */; };
		846A515F20C8896000EFC98D /* CaptureVideoPreviewView.swift in Sources */ = {isa = PBXBuildFile; fileRef = 846A515C20C8896000EFC98D /* CaptureVideoPreviewView.swift */; };
		84B4A7A020543B2100C0371B /* CIImageExtension.swift in Sources */ = {isa = PBXBuildFile; fileRef = 84B4A79F20543B2100C0371B /* CIImageExtension.swift */; };
		84DFCCBC20B36A87008A015E /* ExpressionRecognitionModelRaw.mlmodel in Sources */ = {isa = PBXBuildFile; fileRef = 84DFCCBB20B36A87008A015E /* ExpressionRecognitionModelRaw.mlmodel */; };
		84F792E72044B54900DB4402 /* AppDelegate.swift in Sources */ = {isa = PBXBuildFile; fileRef = 84F792E62044B54900DB4402 /* AppDelegate.swift */; };
		84F792E92044B54900DB4402 /* ViewController.swift in Sources */ = {isa = PBXBuildFile; fileRef = 84F792E82044B54900DB4402 /* ViewController.swift */; };
		84F792EC2044B54900DB4402 /* Main.storyboard in Resources */ = {isa = PBXBuildFile; fileRef = 84F792EA2044B54900DB4402 /* Main.storyboard */; };
		84F792EE2044B54900DB4402 /* Assets.xcassets in Resources */ = {isa = PBXBuildFile; fileRef = 84F792ED2044B54900DB4402 /* Assets.xcassets */; };
		84F792F12044B54900DB4402 /* LaunchScreen.storyboard in Resources */ = {isa = PBXBuildFile; fileRef = 84F792EF2044B54900DB4402 /* LaunchScreen.storyboard */; };
/* End PBXBuildFile section */

/* Begin PBXFileReference section */
		8436638F204B4AF8007815A7 /* VideoCapture.swift */ = {isa = PBXFileReference; lastKnownFileType = sourcecode.swift; path = VideoCapture.swift; sourceTree = "<group>"; };
		84366391204B4B50007815A7 /* EmotionVisualizerView.swift */ = {isa = PBXFileReference; lastKnownFileType = sourcecode.swift; path = EmotionVisualizerView.swift; sourceTree = "<group>"; };
		846A515A20C8896000EFC98D /* ImageProcessor.swift */ = {isa = PBXFileReference; fileEncoding = 4; lastKnownFileType = sourcecode.swift; name = ImageProcessor.swift; path = "../../../../../../../../../Joshua.Newnham/Dropbox/Method - Personal/Machine Learning with CoreML/Projects/Chapter4/Completed/FacialEmotionDetectionTracking/FacialEmotionDetection/ImageProcessor.swift"; sourceTree = "<group>"; };
		846A515B20C8896000EFC98D /* UIColorExtension.swift */ = {isa = PBXFileReference; fileEncoding = 4; lastKnownFileType = sourcecode.swift; name = UIColorExtension.swift; path = "../../../../../../../../../Joshua.Newnham/Dropbox/Method - Personal/Machine Learning with CoreML/Projects/Chapter4/Completed/FacialEmotionDetectionTracking/FacialEmotionDetection/UIColorExtension.swift"; sourceTree = "<group>"; };
		846A515C20C8896000EFC98D /* CaptureVideoPreviewView.swift */ = {isa = PBXFileReference; fileEncoding = 4; lastKnownFileType = sourcecode.swift; name = CaptureVideoPreviewView.swift; path = "../../../../../../../../../Joshua.Newnham/Dropbox/Method - Personal/Machine Learning with CoreML/Projects/Chapter4/Completed/FacialEmotionDetectionTracking/FacialEmotionDetection/CaptureVideoPreviewView.swift"; sourceTree = "<group>"; };
		84B4A79F20543B2100C0371B /* CIImageExtension.swift */ = {isa = PBXFileReference; lastKnownFileType = sourcecode.swift; path = CIImageExtension.swift; sourceTree = "<group>"; };
		84DFCCBB20B36A87008A015E /* ExpressionRecognitionModelRaw.mlmodel */ = {isa = PBXFileReference; lastKnownFileType = file.mlmodel; name = ExpressionRecognitionModelRaw.mlmodel; path = "../../../../../../../../../Joshua.Newnham/Dropbox/Method - Personal/Machine Learning with CoreML/Projects/CoreMLModels/Chapter4/ExpressionRecognitionModelRaw.mlmodel"; sourceTree = "<group>"; };
		84F792E32044B54900DB4402 /* FacialEmotionDetection.app */ = {isa = PBXFileReference; explicitFileType = wrapper.application; includeInIndex = 0; path = FacialEmotionDetection.app; sourceTree = BUILT_PRODUCTS_DIR; };
		84F792E62044B54900DB4402 /* AppDelegate.swift */ = {isa = PBXFileReference; lastKnownFileType = sourcecode.swift; path = AppDelegate.swift; sourceTree = "<group>"; };
		84F792E82044B54900DB4402 /* ViewController.swift */ = {isa = PBXFileReference; lastKnownFileType = sourcecode.swift; path = ViewController.swift; sourceTree = "<group>"; };
		84F792EB2044B54900DB4402 /* Base */ = {isa = PBXFileReference; lastKnownFileType = file.storyboard; name = Base; path = Base.lproj/Main.storyboard; sourceTree = "<group>"; };
		84F792ED2044B54900DB4402 /* Assets.xcassets */ = {isa = PBXFileReference; lastKnownFileType = folder.assetcatalog; path = Assets.xcassets; sourceTree = "<group>"; };
		84F792F02044B54900DB4402 /* Base */ = {isa = PBXFileReference; lastKnownFileType = file.storyboard; name = Base; path = Base.lproj/LaunchScreen.storyboard; sourceTree = "<group>"; };
		84F792F22044B54900DB4402 /* Info.plist */ = {isa = PBXFileReference; lastKnownFileType = text.plist.xml; path = Info.plist; sourceTree = "<group>"; };
/* End PBXFileReference section */

/* Begin PBXFrameworksBuildPhase section */
		84F792E02044B54900DB4402 /* Frameworks */ = {
			isa = PBXFrameworksBuildPhase;
			buildActionMask = 2147483647;
			files = (
			);
			runOnlyForDeploymentPostprocessing = 0;
		};
/* End PBXFrameworksBuildPhase section */

/* Begin PBXGroup section */
		84F792DA2044B54900DB4402 = {
			isa = PBXGroup;
			children = (
				84F792E52044B54900DB4402 /* FacialEmotionDetection */,
				84F792E42044B54900DB4402 /* Products */,
			);
			sourceTree = "<group>";
		};
		84F792E42044B54900DB4402 /* Products */ = {
			isa = PBXGroup;
			children = (
				84F792E32044B54900DB4402 /* FacialEmotionDetection.app */,
			);
			name = Products;
			sourceTree = "<group>";
		};
		84F792E52044B54900DB4402 /* FacialEmotionDetection */ = {
			isa = PBXGroup;
			children = (
				846A515C20C8896000EFC98D /* CaptureVideoPreviewView.swift */,
				846A515A20C8896000EFC98D /* ImageProcessor.swift */,
				846A515B20C8896000EFC98D /* UIColorExtension.swift */,
				84DFCCBB20B36A87008A015E /* ExpressionRecognitionModelRaw.mlmodel */,
				84F792E62044B54900DB4402 /* AppDelegate.swift */,
				84F792E82044B54900DB4402 /* ViewController.swift */,
				84F792EA2044B54900DB4402 /* Main.storyboard */,
				84F792ED2044B54900DB4402 /* Assets.xcassets */,
				84F792EF2044B54900DB4402 /* LaunchScreen.storyboard */,
				84F792F22044B54900DB4402 /* Info.plist */,
				8436638F204B4AF8007815A7 /* VideoCapture.swift */,
				84366391204B4B50007815A7 /* EmotionVisualizerView.swift */,
				84B4A79F20543B2100C0371B /* CIImageExtension.swift */,
			);
			path = FacialEmotionDetection;
			sourceTree = "<group>";
		};
/* End PBXGroup section */

/* Begin PBXNativeTarget section */
		84F792E22044B54900DB4402 /* FacialEmotionDetection */ = {
			isa = PBXNativeTarget;
			buildConfigurationList = 84F792F52044B54900DB4402 /* Build configuration list for PBXNativeTarget "FacialEmotionDetection" */;
			buildPhases = (
				84F792DF2044B54900DB4402 /* Sources */,
				84F792E02044B54900DB4402 /* Frameworks */,
				84F792E12044B54900DB4402 /* Resources */,
			);
			buildRules = (
			);
			dependencies = (
			);
			name = FacialEmotionDetection;
			productName = FacialEmotionDetection;
			productReference = 84F792E32044B54900DB4402 /* FacialEmotionDetection.app */;
			productType = "com.apple.product-type.application";
		};
/* End PBXNativeTarget section */

/* Begin PBXProject section */
		84F792DB2044B54900DB4402 /* Project object */ = {
			isa = PBXProject;
			attributes = {
				LastSwiftUpdateCheck = 0920;
				LastUpgradeCheck = 0920;
				ORGANIZATIONNAME = PacktPub;
				TargetAttributes = {
					84F792E22044B54900DB4402 = {
						CreatedOnToolsVersion = 9.2;
						ProvisioningStyle = Automatic;
					};
				};
			};
			buildConfigurationList = 84F792DE2044B54900DB4402 /* Build configuration list for PBXProject "FacialEmotionDetection" */;
			compatibilityVersion = "Xcode 8.0";
			developmentRegion = en;
			hasScannedForEncodings = 0;
			knownRegions = (
				en,
				Base,
			);
			mainGroup = 84F792DA2044B54900DB4402;
			productRefGroup = 84F792E42044B54900DB4402 /* Products */;
			projectDirPath = "";
			projectRoot = "";
			targets = (
				84F792E22044B54900DB4402 /* FacialEmotionDetection */,
			);
		};
/* End PBXProject section */

/* Begin PBXResourcesBuildPhase section */
		84F792E12044B54900DB4402 /* Resources */ = {
			isa = PBXResourcesBuildPhase;
			buildActionMask = 2147483647;
			files = (
				84F792F12044B54900DB4402 /* LaunchScreen.storyboard in Resources */,
				84F792EE2044B54900DB4402 /* Assets.xcassets in Resources */,
				84F792EC2044B54900DB4402 /* Main.storyboard in Resources */,
			);
			runOnlyForDeploymentPostprocessing = 0;
		};
/* End PBXResourcesBuildPhase section */

/* Begin PBXSourcesBuildPhase section */
		84F792DF2044B54900DB4402 /* Sources */ = {
			isa = PBXSourcesBuildPhase;
			buildActionMask = 2147483647;
			files = (
				84366392204B4B50007815A7 /* EmotionVisualizerView.swift in Sources */,
				84DFCCBC20B36A87008A015E /* ExpressionRecognitionModelRaw.mlmodel in Sources */,
				846A515F20C8896000EFC98D /* CaptureVideoPreviewView.swift in Sources */,
				84366390204B4AF8007815A7 /* VideoCapture.swift in Sources */,
				846A515E20C8896000EFC98D /* UIColorExtension.swift in Sources */,
				84B4A7A020543B2100C0371B /* CIImageExtension.swift in Sources */,
				846A515D20C8896000EFC98D /* ImageProcessor.swift in Sources */,
				84F792E92044B54900DB4402 /* ViewController.swift in Sources */,
				84F792E72044B54900DB4402 /* AppDelegate.swift in Sources */,
			);
			runOnlyForDeploymentPostprocessing = 0;
		};
/* End PBXSourcesBuildPhase section */

/* Begin PBXVariantGroup section */
		84F792EA2044B54900DB4402 /* Main.storyboard */ = {
			isa = PBXVariantGroup;
			children = (
				84F792EB2044B54900DB4402 /* Base */,
			);
			name = Main.storyboard;
			sourceTree = "<group>";
		};
		84F792EF2044B54900DB4402 /* LaunchScreen.storyboard */ = {
			isa = PBXVariantGroup;
			children = (
				84F792F02044B54900DB4402 /* Base */,
			);
			name = LaunchScreen.storyboard;
			sourceTree = "<group>";
		};
/* End PBXVariantGroup section */

/* Begin XCBuildConfiguration section */
		84F792F32044B54900DB4402 /* Debug */ = {
			isa = XCBuildConfiguration;
			buildSettings = {
				ALWAYS_SEARCH_USER_PATHS = NO;
				CLANG_ANALYZER_NONNULL = YES;
				CLANG_ANALYZER_NUMBER_OBJECT_CONVERSION = YES_AGGRESSIVE;
				CLANG_CXX_LANGUAGE_STANDARD = "gnu++14";
				CLANG_CXX_LIBRARY = "libc++";
				CLANG_ENABLE_MODULES = YES;
				CLANG_ENABLE_OBJC_ARC = YES;
				CLANG_WARN_BLOCK_CAPTURE_AUTORELEASING = YES;
				CLANG_WARN_BOOL_CONVERSION = YES;
				CLANG_WARN_COMMA = YES;
				CLANG_WARN_CONSTANT_CONVERSION = YES;
				CLANG_WARN_DIRECT_OBJC_ISA_USAGE = YES_ERROR;
				CLANG_WARN_DOCUMENTATION_COMMENTS = YES;
				CLANG_WARN_EMPTY_BODY = YES;
				CLANG_WARN_ENUM_CONVERSION = YES;
				CLANG_WARN_INFINITE_RECURSION = YES;
				CLANG_WARN_INT_CONVERSION = YES;
				CLANG_WARN_NON_LITERAL_NULL_CONVERSION = YES;
				CLANG_WARN_OBJC_LITERAL_CONVERSION = YES;
				CLANG_WARN_OBJC_ROOT_CLASS = YES_ERROR;
				CLANG_WARN_RANGE_LOOP_ANALYSIS = YES;
				CLANG_WARN_STRICT_PROTOTYPES = YES;
				CLANG_WARN_SUSPICIOUS_MOVE = YES;
				CLANG_WARN_UNGUARDED_AVAILABILITY = YES_AGGRESSIVE;
				CLANG_WARN_UNREACHABLE_CODE = YES;
				CLANG_WARN__DUPLICATE_METHOD_MATCH = YES;
				CODE_SIGN_IDENTITY = "iPhone Developer";
				COPY_PHASE_STRIP = NO;
				DEBUG_INFORMATION_FORMAT = dwarf;
				ENABLE_STRICT_OBJC_MSGSEND = YES;
				ENABLE_TESTABILITY = YES;
				GCC_C_LANGUAGE_STANDARD = gnu11;
				GCC_DYNAMIC_NO_PIC = NO;
				GCC_NO_COMMON_BLOCKS = YES;
				GCC_OPTIMIZATION_LEVEL = 0;
				GCC_PREPROCESSOR_DEFINITIONS = (
					"DEBUG=1",
					"$(inherited)",
				);
				GCC_WARN_64_TO_32_BIT_CONVERSION = YES;
				GCC_WARN_ABOUT_RETURN_TYPE = YES_ERROR;
				GCC_WARN_UNDECLARED_SELECTOR = YES;
				GCC_WARN_UNINITIALIZED_AUTOS = YES_AGGRESSIVE;
				GCC_WARN_UNUSED_FUNCTION = YES;
				GCC_WARN_UNUSED_VARIABLE = YES;
				IPHONEOS_DEPLOYMENT_TARGET = 11.2;
				MTL_ENABLE_DEBUG_INFO = YES;
				ONLY_ACTIVE_ARCH = YES;
				SDKROOT = iphoneos;
				SWIFT_ACTIVE_COMPILATION_CONDITIONS = DEBUG;
				SWIFT_OPTIMIZATION_LEVEL = "-Onone";
			};
			name = Debug;
		};
		84F792F42044B54900DB4402 /* Release */ = {
			isa = XCBuildConfiguration;
			buildSettings = {
				ALWAYS_SEARCH_USER_PATHS = NO;
				CLANG_ANALYZER_NONNULL = YES;
				CLANG_ANALYZER_NUMBER_OBJECT_CONVERSION = YES_AGGRESSIVE;
				CLANG_CXX_LANGUAGE_STANDARD = "gnu++14";
				CLANG_CXX_LIBRARY = "libc++";
				CLANG_ENABLE_MODULES = YES;
				CLANG_ENABLE_OBJC_ARC = YES;
				CLANG_WARN_BLOCK_CAPTURE_AUTORELEASING = YES;
				CLANG_WARN_BOOL_CONVERSION = YES;
				CLANG_WARN_COMMA = YES;
				CLANG_WARN_CONSTANT_CONVERSION = YES;
				CLANG_WARN_DIRECT_OBJC_ISA_USAGE = YES_ERROR;
				CLANG_WARN_DOCUMENTATION_COMMENTS = YES;
				CLANG_WARN_EMPTY_BODY = YES;
				CLANG_WARN_ENUM_CONVERSION = YES;
				CLANG_WARN_INFINITE_RECURSION = YES;
				CLANG_WARN_INT_CONVERSION = YES;
				CLANG_WARN_NON_LITERAL_NULL_CONVERSION = YES;
				CLANG_WARN_OBJC_LITERAL_CONVERSION = YES;
				CLANG_WARN_OBJC_ROOT_CLASS = YES_ERROR;
				CLANG_WARN_RANGE_LOOP_ANALYSIS = YES;
				CLANG_WARN_STRICT_PROTOTYPES = YES;
				CLANG_WARN_SUSPICIOUS_MOVE = YES;
				CLANG_WARN_UNGUARDED_AVAILABILITY = YES_AGGRESSIVE;
				CLANG_WARN_UNREACHABLE_CODE = YES;
				CLANG_WARN__DUPLICATE_METHOD_MATCH = YES;
				CODE_SIGN_IDENTITY = "iPhone Developer";
				COPY_PHASE_STRIP = NO;
				DEBUG_INFORMATION_FORMAT = "dwarf-with-dsym";
				ENABLE_NS_ASSERTIONS = NO;
				ENABLE_STRICT_OBJC_MSGSEND = YES;
				GCC_C_LANGUAGE_STANDARD = gnu11;
				GCC_NO_COMMON_BLOCKS = YES;
				GCC_WARN_64_TO_32_BIT_CONVERSION = YES;
				GCC_WARN_ABOUT_RETURN_TYPE = YES_ERROR;
				GCC_WARN_UNDECLARED_SELECTOR = YES;
				GCC_WARN_UNINITIALIZED_AUTOS = YES_AGGRESSIVE;
				GCC_WARN_UNUSED_FUNCTION = YES;
				GCC_WARN_UNUSED_VARIABLE = YES;
				IPHONEOS_DEPLOYMENT_TARGET = 11.2;
				MTL_ENABLE_DEBUG_INFO = NO;
				SDKROOT = iphoneos;
				SWIFT_OPTIMIZATION_LEVEL = "-Owholemodule";
				VALIDATE_PRODUCT = YES;
			};
			name = Release;
		};
		84F792F62044B54900DB4402 /* Debug */ = {
			isa = XCBuildConfiguration;
			buildSettings = {
				ASSETCATALOG_COMPILER_APPICON_NAME = AppIcon;
				CODE_SIGN_IDENTITY = "iPhone Developer";
				CODE_SIGN_STYLE = Automatic;
				DEVELOPMENT_TEAM = F8HK8S6JN8;
				INFOPLIST_FILE = FacialEmotionDetection/Info.plist;
				IPHONEOS_DEPLOYMENT_TARGET = 11.3;
				LD_RUNPATH_SEARCH_PATHS = "$(inherited) @executable_path/Frameworks";
				PRODUCT_BUNDLE_IDENTIFIER = mlwithcoreml.chapter4.FacialEmotionDetection;
				PRODUCT_NAME = "$(TARGET_NAME)";
				PROVISIONING_PROFILE_SPECIFIER = "";
				SWIFT_VERSION = 4.0;
				TARGETED_DEVICE_FAMILY = 1;
			};
			name = Debug;
		};
		84F792F72044B54900DB4402 /* Release */ = {
			isa = XCBuildConfiguration;
			buildSettings = {
				ASSETCATALOG_COMPILER_APPICON_NAME = AppIcon;
				CODE_SIGN_IDENTITY = "iPhone Developer";
				CODE_SIGN_STYLE = Automatic;
				DEVELOPMENT_TEAM = F8HK8S6JN8;
				INFOPLIST_FILE = FacialEmotionDetection/Info.plist;
				IPHONEOS_DEPLOYMENT_TARGET = 11.3;
				LD_RUNPATH_SEARCH_PATHS = "$(inherited) @executable_path/Frameworks";
				PRODUCT_BUNDLE_IDENTIFIER = mlwithcoreml.chapter4.FacialEmotionDetection;
				PRODUCT_NAME = "$(TARGET_NAME)";
				PROVISIONING_PROFILE_SPECIFIER = "";
				SWIFT_VERSION = 4.0;
				TARGETED_DEVICE_FAMILY = 1;
			};
			name = Release;
		};
/* End XCBuildConfiguration section */

/* Begin XCConfigurationList section */
		84F792DE2044B54900DB4402 /* Build configuration list for PBXProject "FacialEmotionDetection" */ = {
			isa = XCConfigurationList;
			buildConfigurations = (
				84F792F32044B54900DB4402 /* Debug */,
				84F792F42044B54900DB4402 /* Release */,
			);
			defaultConfigurationIsVisible = 0;
			defaultConfigurationName = Release;
		};
		84F792F52044B54900DB4402 /* Build configuration list for PBXNativeTarget "FacialEmotionDetection" */ = {
			isa = XCConfigurationList;
			buildConfigurations = (
				84F792F62044B54900DB4402 /* Debug */,
				84F792F72044B54900DB4402 /* Release */,
			);
			defaultConfigurationIsVisible = 0;
			defaultConfigurationName = Release;
		};
/* End XCConfigurationList section */
	};
	rootObject = 84F792DB2044B54900DB4402 /* Project object */;
}
