// !$*UTF8*$!
{
	archiveVersion = 1;
	classes = {
	};
	objectVersion = 50;
	objects = {

/* Begin PBXBuildFile section */
		84131C0520CC604E004BD220 /* DataObjects.swift in Sources */ = {isa = PBXBuildFile; fileRef = 84A08D9720CC5EA70067BCC2 /* DataObjects.swift */; };
		84131C1920CC6148004BD220 /* Math.swift in Sources */ = {isa = PBXBuildFile; fileRef = 84A08D9420CC5EA70067BCC2 /* Math.swift */; };
		84131C1A20CC614B004BD220 /* PhotoSearcher.swift in Sources */ = {isa = PBXBuildFile; fileRef = 84A08D9820CC5EA70067BCC2 /* PhotoSearcher.swift */; };
		84131C1B20CC6150004BD220 /* YOLOFacade.swift in Sources */ = {isa = PBXBuildFile; fileRef = 84A08D9320CC5EA70067BCC2 /* YOLOFacade.swift */; };
		843BC5FB212C8007008CE13B /* SearchResultsViewController.swift in Sources */ = {isa = PBXBuildFile; fileRef = 843BC5EF212C8006008CE13B /* SearchResultsViewController.swift */; };
		843BC5FC212C8007008CE13B /* SearchViewController.swift in Sources */ = {isa = PBXBuildFile; fileRef = 843BC5F0212C8006008CE13B /* SearchViewController.swift */; };
		843BC5FD212C8007008CE13B /* IconViewCell.swift in Sources */ = {isa = PBXBuildFile; fileRef = 843BC5F1212C8006008CE13B /* IconViewCell.swift */; };
		843BC5FE212C8007008CE13B /* Array+Extension.swift in Sources */ = {isa = PBXBuildFile; fileRef = 843BC5F2212C8006008CE13B /* Array+Extension.swift */; };
		843BC5FF212C8007008CE13B /* CGRect+Extension.swift in Sources */ = {isa = PBXBuildFile; fileRef = 843BC5F3212C8006008CE13B /* CGRect+Extension.swift */; };
		843BC600212C8007008CE13B /* CIImage+Extension.swift in Sources */ = {isa = PBXBuildFile; fileRef = 843BC5F4212C8006008CE13B /* CIImage+Extension.swift */; };
		843BC601212C8007008CE13B /* UIImage+Extension.swift in Sources */ = {isa = PBXBuildFile; fileRef = 843BC5F5212C8006008CE13B /* UIImage+Extension.swift */; };
		843BC602212C8007008CE13B /* UIColor+Extension.swift in Sources */ = {isa = PBXBuildFile; fileRef = 843BC5F6212C8006008CE13B /* UIColor+Extension.swift */; };
		843BC603212C8007008CE13B /* ObjectDetectionImageView.swift in Sources */ = {isa = PBXBuildFile; fileRef = 843BC5F7212C8006008CE13B /* ObjectDetectionImageView.swift */; };
		843BC604212C8007008CE13B /* PhotoViewCell.swift in Sources */ = {isa = PBXBuildFile; fileRef = 843BC5F8212C8007008CE13B /* PhotoViewCell.swift */; };
		843BC605212C8007008CE13B /* CGPoint+Extension.swift in Sources */ = {isa = PBXBuildFile; fileRef = 843BC5F9212C8007008CE13B /* CGPoint+Extension.swift */; };
		843BC606212C8007008CE13B /* SearchInputView.swift in Sources */ = {isa = PBXBuildFile; fileRef = 843BC5FA212C8007008CE13B /* SearchInputView.swift */; };
		843BC608212C8021008CE13B /* tinyyolo_voc2007.mlmodel in Sources */ = {isa = PBXBuildFile; fileRef = 843BC607212C8020008CE13B /* tinyyolo_voc2007.mlmodel */; };
		84A08D8020CC5E2B0067BCC2 /* AppDelegate.swift in Sources */ = {isa = PBXBuildFile; fileRef = 84A08D7F20CC5E2B0067BCC2 /* AppDelegate.swift */; };
		84A08D8720CC5E2C0067BCC2 /* Assets.xcassets in Resources */ = {isa = PBXBuildFile; fileRef = 84A08D8620CC5E2C0067BCC2 /* Assets.xcassets */; };
		84A08D8A20CC5E2C0067BCC2 /* LaunchScreen.storyboard in Resources */ = {isa = PBXBuildFile; fileRef = 84A08D8820CC5E2C0067BCC2 /* LaunchScreen.storyboard */; };
/* End PBXBuildFile section */

/* Begin PBXFileReference section */
		843BC5EF212C8006008CE13B /* SearchResultsViewController.swift */ = {isa = PBXFileReference; fileEncoding = 4; lastKnownFileType = sourcecode.swift; path = SearchResultsViewController.swift; sourceTree = "<group>"; };
		843BC5F0212C8006008CE13B /* SearchViewController.swift */ = {isa = PBXFileReference; fileEncoding = 4; lastKnownFileType = sourcecode.swift; path = SearchViewController.swift; sourceTree = "<group>"; };
		843BC5F1212C8006008CE13B /* IconViewCell.swift */ = {isa = PBXFileReference; fileEncoding = 4; lastKnownFileType = sourcecode.swift; path = IconViewCell.swift; sourceTree = "<group>"; };
		843BC5F2212C8006008CE13B /* Array+Extension.swift */ = {isa = PBXFileReference; fileEncoding = 4; lastKnownFileType = sourcecode.swift; path = "Array+Extension.swift"; sourceTree = "<group>"; };
		843BC5F3212C8006008CE13B /* CGRect+Extension.swift */ = {isa = PBXFileReference; fileEncoding = 4; lastKnownFileType = sourcecode.swift; path = "CGRect+Extension.swift"; sourceTree = "<group>"; };
		843BC5F4212C8006008CE13B /* CIImage+Extension.swift */ = {isa = PBXFileReference; fileEncoding = 4; lastKnownFileType = sourcecode.swift; path = "CIImage+Extension.swift"; sourceTree = "<group>"; };
		843BC5F5212C8006008CE13B /* UIImage+Extension.swift */ = {isa = PBXFileReference; fileEncoding = 4; lastKnownFileType = sourcecode.swift; path = "UIImage+Extension.swift"; sourceTree = "<group>"; };
		843BC5F6212C8006008CE13B /* UIColor+Extension.swift */ = {isa = PBXFileReference; fileEncoding = 4; lastKnownFileType = sourcecode.swift; path = "UIColor+Extension.swift"; sourceTree = "<group>"; };
		843BC5F7212C8006008CE13B /* ObjectDetectionImageView.swift */ = {isa = PBXFileReference; fileEncoding = 4; lastKnownFileType = sourcecode.swift; path = ObjectDetectionImageView.swift; sourceTree = "<group>"; };
		843BC5F8212C8007008CE13B /* PhotoViewCell.swift */ = {isa = PBXFileReference; fileEncoding = 4; lastKnownFileType = sourcecode.swift; path = PhotoViewCell.swift; sourceTree = "<group>"; };
		843BC5F9212C8007008CE13B /* CGPoint+Extension.swift */ = {isa = PBXFileReference; fileEncoding = 4; lastKnownFileType = sourcecode.swift; path = "CGPoint+Extension.swift"; sourceTree = "<group>"; };
		843BC5FA212C8007008CE13B /* SearchInputView.swift */ = {isa = PBXFileReference; fileEncoding = 4; lastKnownFileType = sourcecode.swift; path = SearchInputView.swift; sourceTree = "<group>"; };
		843BC607212C8020008CE13B /* tinyyolo_voc2007.mlmodel */ = {isa = PBXFileReference; lastKnownFileType = file.mlmodel; name = tinyyolo_voc2007.mlmodel; path = ../../../CoreMLModels/Chapter5CoreML2/tinyyolo_voc2007.mlmodel; sourceTree = "<group>"; };
		84A08D7C20CC5E2B0067BCC2 /* ObjectDetectionWithCoreML2.app */ = {isa = PBXFileReference; explicitFileType = wrapper.application; includeInIndex = 0; path = ObjectDetectionWithCoreML2.app; sourceTree = BUILT_PRODUCTS_DIR; };
		84A08D7F20CC5E2B0067BCC2 /* AppDelegate.swift */ = {isa = PBXFileReference; lastKnownFileType = sourcecode.swift; path = AppDelegate.swift; sourceTree = "<group>"; };
		84A08D8620CC5E2C0067BCC2 /* Assets.xcassets */ = {isa = PBXFileReference; lastKnownFileType = folder.assetcatalog; path = Assets.xcassets; sourceTree = "<group>"; };
		84A08D8920CC5E2C0067BCC2 /* Base */ = {isa = PBXFileReference; lastKnownFileType = file.storyboard; name = Base; path = Base.lproj/LaunchScreen.storyboard; sourceTree = "<group>"; };
		84A08D8B20CC5E2C0067BCC2 /* Info.plist */ = {isa = PBXFileReference; lastKnownFileType = text.plist.xml; path = Info.plist; sourceTree = "<group>"; };
		84A08D9320CC5EA70067BCC2 /* YOLOFacade.swift */ = {isa = PBXFileReference; lastKnownFileType = sourcecode.swift; path = YOLOFacade.swift; sourceTree = "<group>"; };
		84A08D9420CC5EA70067BCC2 /* Math.swift */ = {isa = PBXFileReference; lastKnownFileType = sourcecode.swift; path = Math.swift; sourceTree = "<group>"; };
		84A08D9720CC5EA70067BCC2 /* DataObjects.swift */ = {isa = PBXFileReference; lastKnownFileType = sourcecode.swift; path = DataObjects.swift; sourceTree = "<group>"; };
		84A08D9820CC5EA70067BCC2 /* PhotoSearcher.swift */ = {isa = PBXFileReference; lastKnownFileType = sourcecode.swift; path = PhotoSearcher.swift; sourceTree = "<group>"; };
/* End PBXFileReference section */

/* Begin PBXFrameworksBuildPhase section */
		84A08D7920CC5E2B0067BCC2 /* Frameworks */ = {
			isa = PBXFrameworksBuildPhase;
			buildActionMask = 2147483647;
			files = (
			);
			runOnlyForDeploymentPostprocessing = 0;
		};
/* End PBXFrameworksBuildPhase section */

/* Begin PBXGroup section */
		84A08D7320CC5E2B0067BCC2 = {
			isa = PBXGroup;
			children = (
				843BC607212C8020008CE13B /* tinyyolo_voc2007.mlmodel */,
				84A08D7E20CC5E2B0067BCC2 /* ObjectDetectionWithCoreML2 */,
				84A08D7D20CC5E2B0067BCC2 /* Products */,
			);
			sourceTree = "<group>";
		};
		84A08D7D20CC5E2B0067BCC2 /* Products */ = {
			isa = PBXGroup;
			children = (
				84A08D7C20CC5E2B0067BCC2 /* ObjectDetectionWithCoreML2.app */,
			);
			name = Products;
			sourceTree = "<group>";
		};
		84A08D7E20CC5E2B0067BCC2 /* ObjectDetectionWithCoreML2 */ = {
			isa = PBXGroup;
			children = (
				843BC5F2212C8006008CE13B /* Array+Extension.swift */,
				843BC5F9212C8007008CE13B /* CGPoint+Extension.swift */,
				843BC5F3212C8006008CE13B /* CGRect+Extension.swift */,
				843BC5F4212C8006008CE13B /* CIImage+Extension.swift */,
				843BC5F1212C8006008CE13B /* IconViewCell.swift */,
				843BC5F7212C8006008CE13B /* ObjectDetectionImageView.swift */,
				843BC5F8212C8007008CE13B /* PhotoViewCell.swift */,
				843BC5FA212C8007008CE13B /* SearchInputView.swift */,
				843BC5EF212C8006008CE13B /* SearchResultsViewController.swift */,
				843BC5F0212C8006008CE13B /* SearchViewController.swift */,
				843BC5F6212C8006008CE13B /* UIColor+Extension.swift */,
				843BC5F5212C8006008CE13B /* UIImage+Extension.swift */,
				84A08D9720CC5EA70067BCC2 /* DataObjects.swift */,
				84A08D9420CC5EA70067BCC2 /* Math.swift */,
				84A08D9820CC5EA70067BCC2 /* PhotoSearcher.swift */,
				84A08D9320CC5EA70067BCC2 /* YOLOFacade.swift */,
				84A08D7F20CC5E2B0067BCC2 /* AppDelegate.swift */,
				84A08D8620CC5E2C0067BCC2 /* Assets.xcassets */,
				84A08D8820CC5E2C0067BCC2 /* LaunchScreen.storyboard */,
				84A08D8B20CC5E2C0067BCC2 /* Info.plist */,
			);
			path = ObjectDetectionWithCoreML2;
			sourceTree = "<group>";
		};
/* End PBXGroup section */

/* Begin PBXNativeTarget section */
		84A08D7B20CC5E2B0067BCC2 /* ObjectDetectionWithCoreML2 */ = {
			isa = PBXNativeTarget;
			buildConfigurationList = 84A08D8E20CC5E2C0067BCC2 /* Build configuration list for PBXNativeTarget "ObjectDetectionWithCoreML2" */;
			buildPhases = (
				84A08D7820CC5E2B0067BCC2 /* Sources */,
				84A08D7920CC5E2B0067BCC2 /* Frameworks */,
				84A08D7A20CC5E2B0067BCC2 /* Resources */,
			);
			buildRules = (
			);
			dependencies = (
			);
			name = ObjectDetectionWithCoreML2;
			productName = ObjectDetectionWithCoreML2;
			productReference = 84A08D7C20CC5E2B0067BCC2 /* ObjectDetectionWithCoreML2.app */;
			productType = "com.apple.product-type.application";
		};
/* End PBXNativeTarget section */

/* Begin PBXProject section */
		84A08D7420CC5E2B0067BCC2 /* Project object */ = {
			isa = PBXProject;
			attributes = {
				LastSwiftUpdateCheck = 1000;
				LastUpgradeCheck = 1000;
				ORGANIZATIONNAME = "Joshua Newnham";
				TargetAttributes = {
					84A08D7B20CC5E2B0067BCC2 = {
						CreatedOnToolsVersion = 10.0;
					};
				};
			};
			buildConfigurationList = 84A08D7720CC5E2B0067BCC2 /* Build configuration list for PBXProject "ObjectDetectionWithCoreML2" */;
			compatibilityVersion = "Xcode 9.3";
			developmentRegion = en;
			hasScannedForEncodings = 0;
			knownRegions = (
				en,
				Base,
			);
			mainGroup = 84A08D7320CC5E2B0067BCC2;
			productRefGroup = 84A08D7D20CC5E2B0067BCC2 /* Products */;
			projectDirPath = "";
			projectRoot = "";
			targets = (
				84A08D7B20CC5E2B0067BCC2 /* ObjectDetectionWithCoreML2 */,
			);
		};
/* End PBXProject section */

/* Begin PBXResourcesBuildPhase section */
		84A08D7A20CC5E2B0067BCC2 /* Resources */ = {
			isa = PBXResourcesBuildPhase;
			buildActionMask = 2147483647;
			files = (
				84A08D8A20CC5E2C0067BCC2 /* LaunchScreen.storyboard in Resources */,
				84A08D8720CC5E2C0067BCC2 /* Assets.xcassets in Resources */,
			);
			runOnlyForDeploymentPostprocessing = 0;
		};
/* End PBXResourcesBuildPhase section */

/* Begin PBXSourcesBuildPhase section */
		84A08D7820CC5E2B0067BCC2 /* Sources */ = {
			isa = PBXSourcesBuildPhase;
			buildActionMask = 2147483647;
			files = (
				843BC600212C8007008CE13B /* CIImage+Extension.swift in Sources */,
				843BC5FE212C8007008CE13B /* Array+Extension.swift in Sources */,
				843BC603212C8007008CE13B /* ObjectDetectionImageView.swift in Sources */,
				843BC602212C8007008CE13B /* UIColor+Extension.swift in Sources */,
				843BC5FB212C8007008CE13B /* SearchResultsViewController.swift in Sources */,
				84131C0520CC604E004BD220 /* DataObjects.swift in Sources */,
				843BC5FC212C8007008CE13B /* SearchViewController.swift in Sources */,
				843BC5FD212C8007008CE13B /* IconViewCell.swift in Sources */,
				84131C1B20CC6150004BD220 /* YOLOFacade.swift in Sources */,
				84131C1A20CC614B004BD220 /* PhotoSearcher.swift in Sources */,
				843BC5FF212C8007008CE13B /* CGRect+Extension.swift in Sources */,
				84A08D8020CC5E2B0067BCC2 /* AppDelegate.swift in Sources */,
				84131C1920CC6148004BD220 /* Math.swift in Sources */,
				843BC605212C8007008CE13B /* CGPoint+Extension.swift in Sources */,
				843BC604212C8007008CE13B /* PhotoViewCell.swift in Sources */,
				843BC601212C8007008CE13B /* UIImage+Extension.swift in Sources */,
				843BC608212C8021008CE13B /* tinyyolo_voc2007.mlmodel in Sources */,
				843BC606212C8007008CE13B /* SearchInputView.swift in Sources */,
			);
			runOnlyForDeploymentPostprocessing = 0;
		};
/* End PBXSourcesBuildPhase section */

/* Begin PBXVariantGroup section */
		84A08D8820CC5E2C0067BCC2 /* LaunchScreen.storyboard */ = {
			isa = PBXVariantGroup;
			children = (
				84A08D8920CC5E2C0067BCC2 /* Base */,
			);
			name = LaunchScreen.storyboard;
			sourceTree = "<group>";
		};
/* End PBXVariantGroup section */

/* Begin XCBuildConfiguration section */
		84A08D8C20CC5E2C0067BCC2 /* Debug */ = {
			isa = XCBuildConfiguration;
			buildSettings = {
				ALWAYS_SEARCH_USER_PATHS = NO;
				CLANG_ANALYZER_NONNULL = YES;
				CLANG_ANALYZER_NUMBER_OBJECT_CONVERSION = YES_AGGRESSIVE;
				CLANG_CXX_LANGUAGE_STANDARD = "gnu++14";
				CLANG_CXX_LIBRARY = "libc++";
				CLANG_ENABLE_MODULES = YES;
				CLANG_ENABLE_OBJC_ARC = YES;
				CLANG_ENABLE_OBJC_WEAK = YES;
				CLANG_WARN_BLOCK_CAPTURE_AUTORELEASING = YES;
				CLANG_WARN_BOOL_CONVERSION = YES;
				CLANG_WARN_COMMA = YES;
				CLANG_WARN_CONSTANT_CONVERSION = YES;
				CLANG_WARN_DEPRECATED_OBJC_IMPLEMENTATIONS = YES;
				CLANG_WARN_DIRECT_OBJC_ISA_USAGE = YES_ERROR;
				CLANG_WARN_DOCUMENTATION_COMMENTS = YES;
				CLANG_WARN_EMPTY_BODY = YES;
				CLANG_WARN_ENUM_CONVERSION = YES;
				CLANG_WARN_INFINITE_RECURSION = YES;
				CLANG_WARN_INT_CONVERSION = YES;
				CLANG_WARN_NON_LITERAL_NULL_CONVERSION = YES;
				CLANG_WARN_OBJC_IMPLICIT_RETAIN_SELF = YES;
				CLANG_WARN_OBJC_LITERAL_CONVERSION = YES;
				CLANG_WARN_OBJC_ROOT_CLASS = YES_ERROR;
				CLANG_WARN_RANGE_LOOP_ANALYSIS = YES;
				CLANG_WARN_STRICT_PROTOTYPES = YES;
				CLANG_WARN_SUSPICIOUS_MOVE = YES;
				CLANG_WARN_UNGUARDED_AVAILABILITY = YES_AGGRESSIVE;
				CLANG_WARN_UNREACHABLE_CODE = YES;
				CLANG_WARN__DUPLICATE_METHOD_MATCH = YES;
				CODE_SIGN_IDENTITY = "iPhone Developer";
				COPY_PHASE_STRIP = NO;
				DEBUG_INFORMATION_FORMAT = dwarf;
				ENABLE_STRICT_OBJC_MSGSEND = YES;
				ENABLE_TESTABILITY = YES;
				GCC_C_LANGUAGE_STANDARD = gnu11;
				GCC_DYNAMIC_NO_PIC = NO;
				GCC_NO_COMMON_BLOCKS = YES;
				GCC_OPTIMIZATION_LEVEL = 0;
				GCC_PREPROCESSOR_DEFINITIONS = (
					"DEBUG=1",
					"$(inherited)",
				);
				GCC_WARN_64_TO_32_BIT_CONVERSION = YES;
				GCC_WARN_ABOUT_RETURN_TYPE = YES_ERROR;
				GCC_WARN_UNDECLARED_SELECTOR = YES;
				GCC_WARN_UNINITIALIZED_AUTOS = YES_AGGRESSIVE;
				GCC_WARN_UNUSED_FUNCTION = YES;
				GCC_WARN_UNUSED_VARIABLE = YES;
				IPHONEOS_DEPLOYMENT_TARGET = 12.0;
				MTL_ENABLE_DEBUG_INFO = INCLUDE_SOURCE;
				ONLY_ACTIVE_ARCH = YES;
				SDKROOT = iphoneos;
				SWIFT_ACTIVE_COMPILATION_CONDITIONS = DEBUG;
				SWIFT_OPTIMIZATION_LEVEL = "-Onone";
			};
			name = Debug;
		};
		84A08D8D20CC5E2C0067BCC2 /* Release */ = {
			isa = XCBuildConfiguration;
			buildSettings = {
				ALWAYS_SEARCH_USER_PATHS = NO;
				CLANG_ANALYZER_NONNULL = YES;
				CLANG_ANALYZER_NUMBER_OBJECT_CONVERSION = YES_AGGRESSIVE;
				CLANG_CXX_LANGUAGE_STANDARD = "gnu++14";
				CLANG_CXX_LIBRARY = "libc++";
				CLANG_ENABLE_MODULES = YES;
				CLANG_ENABLE_OBJC_ARC = YES;
				CLANG_ENABLE_OBJC_WEAK = YES;
				CLANG_WARN_BLOCK_CAPTURE_AUTORELEASING = YES;
				CLANG_WARN_BOOL_CONVERSION = YES;
				CLANG_WARN_COMMA = YES;
				CLANG_WARN_CONSTANT_CONVERSION = YES;
				CLANG_WARN_DEPRECATED_OBJC_IMPLEMENTATIONS = YES;
				CLANG_WARN_DIRECT_OBJC_ISA_USAGE = YES_ERROR;
				CLANG_WARN_DOCUMENTATION_COMMENTS = YES;
				CLANG_WARN_EMPTY_BODY = YES;
				CLANG_WARN_ENUM_CONVERSION = YES;
				CLANG_WARN_INFINITE_RECURSION = YES;
				CLANG_WARN_INT_CONVERSION = YES;
				CLANG_WARN_NON_LITERAL_NULL_CONVERSION = YES;
				CLANG_WARN_OBJC_IMPLICIT_RETAIN_SELF = YES;
				CLANG_WARN_OBJC_LITERAL_CONVERSION = YES;
				CLANG_WARN_OBJC_ROOT_CLASS = YES_ERROR;
				CLANG_WARN_RANGE_LOOP_ANALYSIS = YES;
				CLANG_WARN_STRICT_PROTOTYPES = YES;
				CLANG_WARN_SUSPICIOUS_MOVE = YES;
				CLANG_WARN_UNGUARDED_AVAILABILITY = YES_AGGRESSIVE;
				CLANG_WARN_UNREACHABLE_CODE = YES;
				CLANG_WARN__DUPLICATE_METHOD_MATCH = YES;
				CODE_SIGN_IDENTITY = "iPhone Developer";
				COPY_PHASE_STRIP = NO;
				DEBUG_INFORMATION_FORMAT = "dwarf-with-dsym";
				ENABLE_NS_ASSERTIONS = NO;
				ENABLE_STRICT_OBJC_MSGSEND = YES;
				GCC_C_LANGUAGE_STANDARD = gnu11;
				GCC_NO_COMMON_BLOCKS = YES;
				GCC_WARN_64_TO_32_BIT_CONVERSION = YES;
				GCC_WARN_ABOUT_RETURN_TYPE = YES_ERROR;
				GCC_WARN_UNDECLARED_SELECTOR = YES;
				GCC_WARN_UNINITIALIZED_AUTOS = YES_AGGRESSIVE;
				GCC_WARN_UNUSED_FUNCTION = YES;
				GCC_WARN_UNUSED_VARIABLE = YES;
				IPHONEOS_DEPLOYMENT_TARGET = 12.0;
				MTL_ENABLE_DEBUG_INFO = NO;
				SDKROOT = iphoneos;
				SWIFT_COMPILATION_MODE = wholemodule;
				SWIFT_OPTIMIZATION_LEVEL = "-O";
				VALIDATE_PRODUCT = YES;
			};
			name = Release;
		};
		84A08D8F20CC5E2C0067BCC2 /* Debug */ = {
			isa = XCBuildConfiguration;
			buildSettings = {
				ASSETCATALOG_COMPILER_APPICON_NAME = AppIcon;
				CODE_SIGN_STYLE = Automatic;
				DEVELOPMENT_TEAM = F8HK8S6JN8;
				INFOPLIST_FILE = ObjectDetectionWithCoreML2/Info.plist;
				LD_RUNPATH_SEARCH_PATHS = (
					"$(inherited)",
					"@executable_path/Frameworks",
				);
				PRODUCT_BUNDLE_IDENTIFIER = mlwithcoreml.chapter5.ObjectDetectionWithCoreML2;
				PRODUCT_NAME = "$(TARGET_NAME)";
				SWIFT_VERSION = 4.2;
				TARGETED_DEVICE_FAMILY = 1;
			};
			name = Debug;
		};
		84A08D9020CC5E2C0067BCC2 /* Release */ = {
			isa = XCBuildConfiguration;
			buildSettings = {
				ASSETCATALOG_COMPILER_APPICON_NAME = AppIcon;
				CODE_SIGN_STYLE = Automatic;
				DEVELOPMENT_TEAM = F8HK8S6JN8;
				INFOPLIST_FILE = ObjectDetectionWithCoreML2/Info.plist;
				LD_RUNPATH_SEARCH_PATHS = (
					"$(inherited)",
					"@executable_path/Frameworks",
				);
				PRODUCT_BUNDLE_IDENTIFIER = mlwithcoreml.chapter5.ObjectDetectionWithCoreML2;
				PRODUCT_NAME = "$(TARGET_NAME)";
				SWIFT_VERSION = 4.2;
				TARGETED_DEVICE_FAMILY = 1;
			};
			name = Release;
		};
/* End XCBuildConfiguration section */

/* Begin XCConfigurationList section */
		84A08D7720CC5E2B0067BCC2 /* Build configuration list for PBXProject "ObjectDetectionWithCoreML2" */ = {
			isa = XCConfigurationList;
			buildConfigurations = (
				84A08D8C20CC5E2C0067BCC2 /* Debug */,
				84A08D8D20CC5E2C0067BCC2 /* Release */,
			);
			defaultConfigurationIsVisible = 0;
			defaultConfigurationName = Release;
		};
		84A08D8E20CC5E2C0067BCC2 /* Build configuration list for PBXNativeTarget "ObjectDetectionWithCoreML2" */ = {
			isa = XCConfigurationList;
			buildConfigurations = (
				84A08D8F20CC5E2C0067BCC2 /* Debug */,
				84A08D9020CC5E2C0067BCC2 /* Release */,
			);
			defaultConfigurationIsVisible = 0;
			defaultConfigurationName = Release;
		};
/* End XCConfigurationList section */
	};
	rootObject = 84A08D7420CC5E2B0067BCC2 /* Project object */;
}
