// !$*UTF8*$!
{
	archiveVersion = 1;
	classes = {
	};
	objectVersion = 50;
	objects = {

/* Begin PBXBuildFile section */
		843BC5CF212C7E68008CE13B /* Math.swift in Sources */ = {isa = PBXBuildFile; fileRef = 843BC5CD212C7E68008CE13B /* Math.swift */; };
		843BC5D0212C7E68008CE13B /* YOLOFacade.swift in Sources */ = {isa = PBXBuildFile; fileRef = 843BC5CE212C7E68008CE13B /* YOLOFacade.swift */; };
		843BC5D4212C7E79008CE13B /* CGPoint+Extension.swift in Sources */ = {isa = PBXBuildFile; fileRef = 843BC5D1212C7E79008CE13B /* CGPoint+Extension.swift */; };
		843BC5D5212C7E79008CE13B /* CIImage+Extension.swift in Sources */ = {isa = PBXBuildFile; fileRef = 843BC5D2212C7E79008CE13B /* CIImage+Extension.swift */; };
		843BC5D6212C7E79008CE13B /* UIImage+Extension.swift in Sources */ = {isa = PBXBuildFile; fileRef = 843BC5D3212C7E79008CE13B /* UIImage+Extension.swift */; };
		843BC5D8212C7E91008CE13B /* tinyyolo_voc2007.mlmodel in Sources */ = {isa = PBXBuildFile; fileRef = 843BC5D7212C7E91008CE13B /* tinyyolo_voc2007.mlmodel */; };
		844931C120A8D1F500EB254C /* AppDelegate.swift in Sources */ = {isa = PBXBuildFile; fileRef = 844931C020A8D1F500EB254C /* AppDelegate.swift */; };
		844931C320A8D1F500EB254C /* SearchViewController.swift in Sources */ = {isa = PBXBuildFile; fileRef = 844931C220A8D1F500EB254C /* SearchViewController.swift */; };
		844931C820A8D1F600EB254C /* Assets.xcassets in Resources */ = {isa = PBXBuildFile; fileRef = 844931C720A8D1F600EB254C /* Assets.xcassets */; };
		844931CB20A8D1F600EB254C /* LaunchScreen.storyboard in Resources */ = {isa = PBXBuildFile; fileRef = 844931C920A8D1F600EB254C /* LaunchScreen.storyboard */; };
		844931D320A8D2DE00EB254C /* SearchInputView.swift in Sources */ = {isa = PBXBuildFile; fileRef = 844931D220A8D2DE00EB254C /* SearchInputView.swift */; };
		844931D520A8D88500EB254C /* IconViewCell.swift in Sources */ = {isa = PBXBuildFile; fileRef = 844931D420A8D88500EB254C /* IconViewCell.swift */; };
		844931D720A8E17D00EB254C /* DataObjects.swift in Sources */ = {isa = PBXBuildFile; fileRef = 844931D620A8E17D00EB254C /* DataObjects.swift */; };
		844931D920A8E35800EB254C /* UIColor+Extension.swift in Sources */ = {isa = PBXBuildFile; fileRef = 844931D820A8E35800EB254C /* UIColor+Extension.swift */; };
		8473FC5320AB7434009F12A8 /* CGRect+Extension.swift in Sources */ = {isa = PBXBuildFile; fileRef = 8473FC5220AB7434009F12A8 /* CGRect+Extension.swift */; };
		84E29D6320A9B3A6001A6784 /* SearchResultsViewController.swift in Sources */ = {isa = PBXBuildFile; fileRef = 84E29D6220A9B3A6001A6784 /* SearchResultsViewController.swift */; };
		84E29D6520AA1C35001A6784 /* PhotoViewCell.swift in Sources */ = {isa = PBXBuildFile; fileRef = 84E29D6420AA1C35001A6784 /* PhotoViewCell.swift */; };
		84E29D6720AA202E001A6784 /* PhotoSearcher.swift in Sources */ = {isa = PBXBuildFile; fileRef = 84E29D6620AA202E001A6784 /* PhotoSearcher.swift */; };
		84E29D6920AA2FB3001A6784 /* ObjectDetectionImageView.swift in Sources */ = {isa = PBXBuildFile; fileRef = 84E29D6820AA2FB3001A6784 /* ObjectDetectionImageView.swift */; };
		84E29D6F20AACD5E001A6784 /* Array+Extension.swift in Sources */ = {isa = PBXBuildFile; fileRef = 84E29D6E20AACD5E001A6784 /* Array+Extension.swift */; };
/* End PBXBuildFile section */

/* Begin PBXFileReference section */
		843BC5CD212C7E68008CE13B /* Math.swift */ = {isa = PBXFileReference; fileEncoding = 4; lastKnownFileType = sourcecode.swift; path = Math.swift; sourceTree = "<group>"; };
		843BC5CE212C7E68008CE13B /* YOLOFacade.swift */ = {isa = PBXFileReference; fileEncoding = 4; lastKnownFileType = sourcecode.swift; path = YOLOFacade.swift; sourceTree = "<group>"; };
		843BC5D1212C7E79008CE13B /* CGPoint+Extension.swift */ = {isa = PBXFileReference; fileEncoding = 4; lastKnownFileType = sourcecode.swift; path = "CGPoint+Extension.swift"; sourceTree = "<group>"; };
		843BC5D2212C7E79008CE13B /* CIImage+Extension.swift */ = {isa = PBXFileReference; fileEncoding = 4; lastKnownFileType = sourcecode.swift; path = "CIImage+Extension.swift"; sourceTree = "<group>"; };
		843BC5D3212C7E79008CE13B /* UIImage+Extension.swift */ = {isa = PBXFileReference; fileEncoding = 4; lastKnownFileType = sourcecode.swift; path = "UIImage+Extension.swift"; sourceTree = "<group>"; };
		843BC5D7212C7E91008CE13B /* tinyyolo_voc2007.mlmodel */ = {isa = PBXFileReference; lastKnownFileType = file.mlmodel; name = tinyyolo_voc2007.mlmodel; path = ../../../CoreMLModels/Chapter5/tinyyolo_voc2007.mlmodel; sourceTree = "<group>"; };
		844931BD20A8D1F500EB254C /* ObjectDetection.app */ = {isa = PBXFileReference; explicitFileType = wrapper.application; includeInIndex = 0; path = ObjectDetection.app; sourceTree = BUILT_PRODUCTS_DIR; };
		844931C020A8D1F500EB254C /* AppDelegate.swift */ = {isa = PBXFileReference; lastKnownFileType = sourcecode.swift; path = AppDelegate.swift; sourceTree = "<group>"; };
		844931C220A8D1F500EB254C /* SearchViewController.swift */ = {isa = PBXFileReference; lastKnownFileType = sourcecode.swift; path = SearchViewController.swift; sourceTree = "<group>"; };
		844931C720A8D1F600EB254C /* Assets.xcassets */ = {isa = PBXFileReference; lastKnownFileType = folder.assetcatalog; path = Assets.xcassets; sourceTree = "<group>"; };
		844931CA20A8D1F600EB254C /* Base */ = {isa = PBXFileReference; lastKnownFileType = file.storyboard; name = Base; path = Base.lproj/LaunchScreen.storyboard; sourceTree = "<group>"; };
		844931CC20A8D1F600EB254C /* Info.plist */ = {isa = PBXFileReference; lastKnownFileType = text.plist.xml; path = Info.plist; sourceTree = "<group>"; };
		844931D220A8D2DE00EB254C /* SearchInputView.swift */ = {isa = PBXFileReference; lastKnownFileType = sourcecode.swift; path = SearchInputView.swift; sourceTree = "<group>"; };
		844931D420A8D88500EB254C /* IconViewCell.swift */ = {isa = PBXFileReference; lastKnownFileType = sourcecode.swift; path = IconViewCell.swift; sourceTree = "<group>"; };
		844931D620A8E17D00EB254C /* DataObjects.swift */ = {isa = PBXFileReference; lastKnownFileType = sourcecode.swift; path = DataObjects.swift; sourceTree = "<group>"; };
		844931D820A8E35800EB254C /* UIColor+Extension.swift */ = {isa = PBXFileReference; lastKnownFileType = sourcecode.swift; path = "UIColor+Extension.swift"; sourceTree = "<group>"; };
		8473FC5220AB7434009F12A8 /* CGRect+Extension.swift */ = {isa = PBXFileReference; lastKnownFileType = sourcecode.swift; path = "CGRect+Extension.swift"; sourceTree = "<group>"; };
		84E29D6220A9B3A6001A6784 /* SearchResultsViewController.swift */ = {isa = PBXFileReference; lastKnownFileType = sourcecode.swift; path = SearchResultsViewController.swift; sourceTree = "<group>"; };
		84E29D6420AA1C35001A6784 /* PhotoViewCell.swift */ = {isa = PBXFileReference; lastKnownFileType = sourcecode.swift; path = PhotoViewCell.swift; sourceTree = "<group>"; };
		84E29D6620AA202E001A6784 /* PhotoSearcher.swift */ = {isa = PBXFileReference; lastKnownFileType = sourcecode.swift; path = PhotoSearcher.swift; sourceTree = "<group>"; };
		84E29D6820AA2FB3001A6784 /* ObjectDetectionImageView.swift */ = {isa = PBXFileReference; lastKnownFileType = sourcecode.swift; path = ObjectDetectionImageView.swift; sourceTree = "<group>"; };
		84E29D6E20AACD5E001A6784 /* Array+Extension.swift */ = {isa = PBXFileReference; lastKnownFileType = sourcecode.swift; path = "Array+Extension.swift"; sourceTree = "<group>"; };
/* End PBXFileReference section */

/* Begin PBXFrameworksBuildPhase section */
		844931BA20A8D1F500EB254C /* Frameworks */ = {
			isa = PBXFrameworksBuildPhase;
			buildActionMask = 2147483647;
			files = (
			);
			runOnlyForDeploymentPostprocessing = 0;
		};
/* End PBXFrameworksBuildPhase section */

/* Begin PBXGroup section */
		844931B420A8D1F500EB254C = {
			isa = PBXGroup;
			children = (
				843BC5D7212C7E91008CE13B /* tinyyolo_voc2007.mlmodel */,
				844931BF20A8D1F500EB254C /* ObjectDetection */,
				844931BE20A8D1F500EB254C /* Products */,
			);
			sourceTree = "<group>";
		};
		844931BE20A8D1F500EB254C /* Products */ = {
			isa = PBXGroup;
			children = (
				844931BD20A8D1F500EB254C /* ObjectDetection.app */,
			);
			name = Products;
			sourceTree = "<group>";
		};
		844931BF20A8D1F500EB254C /* ObjectDetection */ = {
			isa = PBXGroup;
			children = (
				843BC5CD212C7E68008CE13B /* Math.swift */,
				843BC5CE212C7E68008CE13B /* YOLOFacade.swift */,
				8473FC5620AB77F2009F12A8 /* ViewControllers */,
				8473FC5520AB77D2009F12A8 /* Views */,
				8473FC5420AB77CC009F12A8 /* Extensions */,
				844931C020A8D1F500EB254C /* AppDelegate.swift */,
				844931C720A8D1F600EB254C /* Assets.xcassets */,
				844931C920A8D1F600EB254C /* LaunchScreen.storyboard */,
				844931CC20A8D1F600EB254C /* Info.plist */,
				844931D620A8E17D00EB254C /* DataObjects.swift */,
				84E29D6620AA202E001A6784 /* PhotoSearcher.swift */,
			);
			path = ObjectDetection;
			sourceTree = "<group>";
		};
		8473FC5420AB77CC009F12A8 /* Extensions */ = {
			isa = PBXGroup;
			children = (
				843BC5D1212C7E79008CE13B /* CGPoint+Extension.swift */,
				843BC5D2212C7E79008CE13B /* CIImage+Extension.swift */,
				843BC5D3212C7E79008CE13B /* UIImage+Extension.swift */,
				84E29D6E20AACD5E001A6784 /* Array+Extension.swift */,
				8473FC5220AB7434009F12A8 /* CGRect+Extension.swift */,
				844931D820A8E35800EB254C /* UIColor+Extension.swift */,
			);
			path = Extensions;
			sourceTree = "<group>";
		};
		8473FC5520AB77D2009F12A8 /* Views */ = {
			isa = PBXGroup;
			children = (
				84E29D6820AA2FB3001A6784 /* ObjectDetectionImageView.swift */,
				844931D220A8D2DE00EB254C /* SearchInputView.swift */,
				844931D420A8D88500EB254C /* IconViewCell.swift */,
				84E29D6420AA1C35001A6784 /* PhotoViewCell.swift */,
			);
			path = Views;
			sourceTree = "<group>";
		};
		8473FC5620AB77F2009F12A8 /* ViewControllers */ = {
			isa = PBXGroup;
			children = (
				844931C220A8D1F500EB254C /* SearchViewController.swift */,
				84E29D6220A9B3A6001A6784 /* SearchResultsViewController.swift */,
			);
			path = ViewControllers;
			sourceTree = "<group>";
		};
/* End PBXGroup section */

/* Begin PBXNativeTarget section */
		844931BC20A8D1F500EB254C /* ObjectDetection */ = {
			isa = PBXNativeTarget;
			buildConfigurationList = 844931CF20A8D1F600EB254C /* Build configuration list for PBXNativeTarget "ObjectDetection" */;
			buildPhases = (
				844931B920A8D1F500EB254C /* Sources */,
				844931BA20A8D1F500EB254C /* Frameworks */,
				844931BB20A8D1F500EB254C /* Resources */,
			);
			buildRules = (
			);
			dependencies = (
			);
			name = ObjectDetection;
			productName = ObjectDetection;
			productReference = 844931BD20A8D1F500EB254C /* ObjectDetection.app */;
			productType = "com.apple.product-type.application";
		};
/* End PBXNativeTarget section */

/* Begin PBXProject section */
		844931B520A8D1F500EB254C /* Project object */ = {
			isa = PBXProject;
			attributes = {
				LastSwiftUpdateCheck = 0940;
				LastUpgradeCheck = 0940;
				ORGANIZATIONNAME = "Joshua Newnham";
				TargetAttributes = {
					844931BC20A8D1F500EB254C = {
						CreatedOnToolsVersion = 9.4;
					};
				};
			};
			buildConfigurationList = 844931B820A8D1F500EB254C /* Build configuration list for PBXProject "ObjectDetection" */;
			compatibilityVersion = "Xcode 9.3";
			developmentRegion = en;
			hasScannedForEncodings = 0;
			knownRegions = (
				en,
				Base,
			);
			mainGroup = 844931B420A8D1F500EB254C;
			productRefGroup = 844931BE20A8D1F500EB254C /* Products */;
			projectDirPath = "";
			projectRoot = "";
			targets = (
				844931BC20A8D1F500EB254C /* ObjectDetection */,
			);
		};
/* End PBXProject section */

/* Begin PBXResourcesBuildPhase section */
		844931BB20A8D1F500EB254C /* Resources */ = {
			isa = PBXResourcesBuildPhase;
			buildActionMask = 2147483647;
			files = (
				844931CB20A8D1F600EB254C /* LaunchScreen.storyboard in Resources */,
				844931C820A8D1F600EB254C /* Assets.xcassets in Resources */,
			);
			runOnlyForDeploymentPostprocessing = 0;
		};
/* End PBXResourcesBuildPhase section */

/* Begin PBXSourcesBuildPhase section */
		844931B920A8D1F500EB254C /* Sources */ = {
			isa = PBXSourcesBuildPhase;
			buildActionMask = 2147483647;
			files = (
				844931C320A8D1F500EB254C /* SearchViewController.swift in Sources */,
				843BC5D4212C7E79008CE13B /* CGPoint+Extension.swift in Sources */,
				844931D520A8D88500EB254C /* IconViewCell.swift in Sources */,
				84E29D6720AA202E001A6784 /* PhotoSearcher.swift in Sources */,
				843BC5D0212C7E68008CE13B /* YOLOFacade.swift in Sources */,
				84E29D6920AA2FB3001A6784 /* ObjectDetectionImageView.swift in Sources */,
				844931C120A8D1F500EB254C /* AppDelegate.swift in Sources */,
				84E29D6520AA1C35001A6784 /* PhotoViewCell.swift in Sources */,
				844931D320A8D2DE00EB254C /* SearchInputView.swift in Sources */,
				844931D720A8E17D00EB254C /* DataObjects.swift in Sources */,
				843BC5CF212C7E68008CE13B /* Math.swift in Sources */,
				843BC5D6212C7E79008CE13B /* UIImage+Extension.swift in Sources */,
				8473FC5320AB7434009F12A8 /* CGRect+Extension.swift in Sources */,
				84E29D6320A9B3A6001A6784 /* SearchResultsViewController.swift in Sources */,
				843BC5D5212C7E79008CE13B /* CIImage+Extension.swift in Sources */,
				844931D920A8E35800EB254C /* UIColor+Extension.swift in Sources */,
				843BC5D8212C7E91008CE13B /* tinyyolo_voc2007.mlmodel in Sources */,
				84E29D6F20AACD5E001A6784 /* Array+Extension.swift in Sources */,
			);
			runOnlyForDeploymentPostprocessing = 0;
		};
/* End PBXSourcesBuildPhase section */

/* Begin PBXVariantGroup section */
		844931C920A8D1F600EB254C /* LaunchScreen.storyboard */ = {
			isa = PBXVariantGroup;
			children = (
				844931CA20A8D1F600EB254C /* Base */,
			);
			name = LaunchScreen.storyboard;
			sourceTree = "<group>";
		};
/* End PBXVariantGroup section */

/* Begin XCBuildConfiguration section */
		844931CD20A8D1F600EB254C /* Debug */ = {
			isa = XCBuildConfiguration;
			buildSettings = {
				ALWAYS_SEARCH_USER_PATHS = NO;
				CLANG_ANALYZER_NONNULL = YES;
				CLANG_ANALYZER_NUMBER_OBJECT_CONVERSION = YES_AGGRESSIVE;
				CLANG_CXX_LANGUAGE_STANDARD = "gnu++14";
				CLANG_CXX_LIBRARY = "libc++";
				CLANG_ENABLE_MODULES = YES;
				CLANG_ENABLE_OBJC_ARC = YES;
				CLANG_ENABLE_OBJC_WEAK = YES;
				CLANG_WARN_BLOCK_CAPTURE_AUTORELEASING = YES;
				CLANG_WARN_BOOL_CONVERSION = YES;
				CLANG_WARN_COMMA = YES;
				CLANG_WARN_CONSTANT_CONVERSION = YES;
				CLANG_WARN_DEPRECATED_OBJC_IMPLEMENTATIONS = YES;
				CLANG_WARN_DIRECT_OBJC_ISA_USAGE = YES_ERROR;
				CLANG_WARN_DOCUMENTATION_COMMENTS = YES;
				CLANG_WARN_EMPTY_BODY = YES;
				CLANG_WARN_ENUM_CONVERSION = YES;
				CLANG_WARN_INFINITE_RECURSION = YES;
				CLANG_WARN_INT_CONVERSION = YES;
				CLANG_WARN_NON_LITERAL_NULL_CONVERSION = YES;
				CLANG_WARN_OBJC_IMPLICIT_RETAIN_SELF = YES;
				CLANG_WARN_OBJC_LITERAL_CONVERSION = YES;
				CLANG_WARN_OBJC_ROOT_CLASS = YES_ERROR;
				CLANG_WARN_RANGE_LOOP_ANALYSIS = YES;
				CLANG_WARN_STRICT_PROTOTYPES = YES;
				CLANG_WARN_SUSPICIOUS_MOVE = YES;
				CLANG_WARN_UNGUARDED_AVAILABILITY = YES_AGGRESSIVE;
				CLANG_WARN_UNREACHABLE_CODE = YES;
				CLANG_WARN__DUPLICATE_METHOD_MATCH = YES;
				CODE_SIGN_IDENTITY = "iPhone Developer";
				COPY_PHASE_STRIP = NO;
				DEBUG_INFORMATION_FORMAT = dwarf;
				ENABLE_STRICT_OBJC_MSGSEND = YES;
				ENABLE_TESTABILITY = YES;
				GCC_C_LANGUAGE_STANDARD = gnu11;
				GCC_DYNAMIC_NO_PIC = NO;
				GCC_NO_COMMON_BLOCKS = YES;
				GCC_OPTIMIZATION_LEVEL = 0;
				GCC_PREPROCESSOR_DEFINITIONS = (
					"DEBUG=1",
					"$(inherited)",
				);
				GCC_WARN_64_TO_32_BIT_CONVERSION = YES;
				GCC_WARN_ABOUT_RETURN_TYPE = YES_ERROR;
				GCC_WARN_UNDECLARED_SELECTOR = YES;
				GCC_WARN_UNINITIALIZED_AUTOS = YES_AGGRESSIVE;
				GCC_WARN_UNUSED_FUNCTION = YES;
				GCC_WARN_UNUSED_VARIABLE = YES;
				IPHONEOS_DEPLOYMENT_TARGET = 11.4;
				MTL_ENABLE_DEBUG_INFO = YES;
				ONLY_ACTIVE_ARCH = YES;
				SDKROOT = iphoneos;
				SWIFT_ACTIVE_COMPILATION_CONDITIONS = DEBUG;
				SWIFT_OPTIMIZATION_LEVEL = "-Onone";
			};
			name = Debug;
		};
		844931CE20A8D1F600EB254C /* Release */ = {
			isa = XCBuildConfiguration;
			buildSettings = {
				ALWAYS_SEARCH_USER_PATHS = NO;
				CLANG_ANALYZER_NONNULL = YES;
				CLANG_ANALYZER_NUMBER_OBJECT_CONVERSION = YES_AGGRESSIVE;
				CLANG_CXX_LANGUAGE_STANDARD = "gnu++14";
				CLANG_CXX_LIBRARY = "libc++";
				CLANG_ENABLE_MODULES = YES;
				CLANG_ENABLE_OBJC_ARC = YES;
				CLANG_ENABLE_OBJC_WEAK = YES;
				CLANG_WARN_BLOCK_CAPTURE_AUTORELEASING = YES;
				CLANG_WARN_BOOL_CONVERSION = YES;
				CLANG_WARN_COMMA = YES;
				CLANG_WARN_CONSTANT_CONVERSION = YES;
				CLANG_WARN_DEPRECATED_OBJC_IMPLEMENTATIONS = YES;
				CLANG_WARN_DIRECT_OBJC_ISA_USAGE = YES_ERROR;
				CLANG_WARN_DOCUMENTATION_COMMENTS = YES;
				CLANG_WARN_EMPTY_BODY = YES;
				CLANG_WARN_ENUM_CONVERSION = YES;
				CLANG_WARN_INFINITE_RECURSION = YES;
				CLANG_WARN_INT_CONVERSION = YES;
				CLANG_WARN_NON_LITERAL_NULL_CONVERSION = YES;
				CLANG_WARN_OBJC_IMPLICIT_RETAIN_SELF = YES;
				CLANG_WARN_OBJC_LITERAL_CONVERSION = YES;
				CLANG_WARN_OBJC_ROOT_CLASS = YES_ERROR;
				CLANG_WARN_RANGE_LOOP_ANALYSIS = YES;
				CLANG_WARN_STRICT_PROTOTYPES = YES;
				CLANG_WARN_SUSPICIOUS_MOVE = YES;
				CLANG_WARN_UNGUARDED_AVAILABILITY = YES_AGGRESSIVE;
				CLANG_WARN_UNREACHABLE_CODE = YES;
				CLANG_WARN__DUPLICATE_METHOD_MATCH = YES;
				CODE_SIGN_IDENTITY = "iPhone Developer";
				COPY_PHASE_STRIP = NO;
				DEBUG_INFORMATION_FORMAT = "dwarf-with-dsym";
				ENABLE_NS_ASSERTIONS = NO;
				ENABLE_STRICT_OBJC_MSGSEND = YES;
				GCC_C_LANGUAGE_STANDARD = gnu11;
				GCC_NO_COMMON_BLOCKS = YES;
				GCC_WARN_64_TO_32_BIT_CONVERSION = YES;
				GCC_WARN_ABOUT_RETURN_TYPE = YES_ERROR;
				GCC_WARN_UNDECLARED_SELECTOR = YES;
				GCC_WARN_UNINITIALIZED_AUTOS = YES_AGGRESSIVE;
				GCC_WARN_UNUSED_FUNCTION = YES;
				GCC_WARN_UNUSED_VARIABLE = YES;
				IPHONEOS_DEPLOYMENT_TARGET = 11.4;
				MTL_ENABLE_DEBUG_INFO = NO;
				SDKROOT = iphoneos;
				SWIFT_COMPILATION_MODE = wholemodule;
				SWIFT_OPTIMIZATION_LEVEL = "-O";
				VALIDATE_PRODUCT = YES;
			};
			name = Release;
		};
		844931D020A8D1F600EB254C /* Debug */ = {
			isa = XCBuildConfiguration;
			buildSettings = {
				ASSETCATALOG_COMPILER_APPICON_NAME = AppIcon;
				CODE_SIGN_STYLE = Automatic;
				DEVELOPMENT_TEAM = F8HK8S6JN8;
				INFOPLIST_FILE = ObjectDetection/Info.plist;
				LD_RUNPATH_SEARCH_PATHS = (
					"$(inherited)",
					"@executable_path/Frameworks",
				);
				PRODUCT_BUNDLE_IDENTIFIER = mlwithcoreml.chapter5.ObjectDetection;
				PRODUCT_NAME = "$(TARGET_NAME)";
				SWIFT_VERSION = 4.0;
				TARGETED_DEVICE_FAMILY = "1,2";
			};
			name = Debug;
		};
		844931D120A8D1F600EB254C /* Release */ = {
			isa = XCBuildConfiguration;
			buildSettings = {
				ASSETCATALOG_COMPILER_APPICON_NAME = AppIcon;
				CODE_SIGN_STYLE = Automatic;
				DEVELOPMENT_TEAM = F8HK8S6JN8;
				INFOPLIST_FILE = ObjectDetection/Info.plist;
				LD_RUNPATH_SEARCH_PATHS = (
					"$(inherited)",
					"@executable_path/Frameworks",
				);
				PRODUCT_BUNDLE_IDENTIFIER = mlwithcoreml.chapter5.ObjectDetection;
				PRODUCT_NAME = "$(TARGET_NAME)";
				SWIFT_VERSION = 4.0;
				TARGETED_DEVICE_FAMILY = "1,2";
			};
			name = Release;
		};
/* End XCBuildConfiguration section */

/* Begin XCConfigurationList section */
		844931B820A8D1F500EB254C /* Build configuration list for PBXProject "ObjectDetection" */ = {
			isa = XCConfigurationList;
			buildConfigurations = (
				844931CD20A8D1F600EB254C /* Debug */,
				844931CE20A8D1F600EB254C /* Release */,
			);
			defaultConfigurationIsVisible = 0;
			defaultConfigurationName = Release;
		};
		844931CF20A8D1F600EB254C /* Build configuration list for PBXNativeTarget "ObjectDetection" */ = {
			isa = XCConfigurationList;
			buildConfigurations = (
				844931D020A8D1F600EB254C /* Debug */,
				844931D120A8D1F600EB254C /* Release */,
			);
			defaultConfigurationIsVisible = 0;
			defaultConfigurationName = Release;
		};
/* End XCConfigurationList section */
	};
	rootObject = 844931B520A8D1F500EB254C /* Project object */;
}
